
Microsoft Visual Studio Solution File, Format Version 12.00
# Visual Studio 15
VisualStudioVersion = 15.0.26430.16
MinimumVisualStudioVersion = 10.0.40219.1
Project("{FAE04EC0-301F-11D3-BF4B-00C04F79EFBC}") = "TestWork.Logic", "TestWork.Logic\TestWork.Logic.csproj", "{F3D46486-F34E-4233-90C3-2E3B01FCD03C}"
EndProject
Project("{FAE04EC0-301F-11D3-BF4B-00C04F79EFBC}") = "TestWork.Shared", "TestWork.Shared\TestWork.Shared.csproj", "{DFE2A3E6-DCFC-4060-AC14-6F174CBDB52A}"
EndProject
Project("{FAE04EC0-301F-11D3-BF4B-00C04F79EFBC}") = "TestWork.Console", "TestWork.Console\TestWork.Console.csproj", "{CE47BDDA-6BCD-4E9F-AFA3-951447266BB0}"
EndProject
Global
	GlobalSection(SolutionConfigurationPlatforms) = preSolution
		Debug|Any CPU = Debug|Any CPU
		Release|Any CPU = Release|Any CPU
	EndGlobalSection
	GlobalSection(ProjectConfigurationPlatforms) = postSolution
		{F3D46486-F34E-4233-90C3-2E3B01FCD03C}.Debug|Any CPU.ActiveCfg = Debug|Any CPU
		{F3D46486-F34E-4233-90C3-2E3B01FCD03C}.Debug|Any CPU.Build.0 = Debug|Any CPU
		{F3D46486-F34E-4233-90C3-2E3B01FCD03C}.Release|Any CPU.ActiveCfg = Release|Any CPU
		{F3D46486-F34E-4233-90C3-2E3B01FCD03C}.Release|Any CPU.Build.0 = Release|Any CPU
		{DFE2A3E6-DCFC-4060-AC14-6F174CBDB52A}.Debug|Any CPU.ActiveCfg = Debug|Any CPU
		{DFE2A3E6-DCFC-4060-AC14-6F174CBDB52A}.Debug|Any CPU.Build.0 = Debug|Any CPU
		{DFE2A3E6-DCFC-4060-AC14-6F174CBDB52A}.Release|Any CPU.ActiveCfg = Release|Any CPU
		{DFE2A3E6-DCFC-4060-AC14-6F174CBDB52A}.Release|Any CPU.Build.0 = Release|Any CPU
		{CE47BDDA-6BCD-4E9F-AFA3-951447266BB0}.Debug|Any CPU.ActiveCfg = Debug|Any CPU
		{CE47BDDA-6BCD-4E9F-AFA3-951447266BB0}.Debug|Any CPU.Build.0 = Debug|Any CPU
		{CE47BDDA-6BCD-4E9F-AFA3-951447266BB0}.Release|Any CPU.ActiveCfg = Release|Any CPU
		{CE47BDDA-6BCD-4E9F-AFA3-951447266BB0}.Release|Any CPU.Build.0 = Release|Any CPU
	EndGlobalSection
	GlobalSection(SolutionProperties) = preSolution
		HideSolutionNode = FALSE
	EndGlobalSection
EndGlobal
